
Microsoft Visual Studio Solution File, Format Version 12.00
# Visual Studio Version 16
VisualStudioVersion = 16.0.30406.217
MinimumVisualStudioVersion = 10.0.40219.1
Project("{FAE04EC0-301F-11D3-BF4B-00C04F79EFBC}") = "Aula01ADS", "Aula01ADS.csproj", "{12A8D92B-404C-473D-BDD2-04C1A2D4EEFF}"
EndProject
Global
	GlobalSection(SolutionConfigurationPlatforms) = preSolution
		Debug|Any CPU = Debug|Any CPU
		Release|Any CPU = Release|Any CPU
	EndGlobalSection
	GlobalSection(ProjectConfigurationPlatforms) = postSolution
		{12A8D92B-404C-473D-BDD2-04C1A2D4EEFF}.Debug|Any CPU.ActiveCfg = Debug|Any CPU
		{12A8D92B-404C-473D-BDD2-04C1A2D4EEFF}.Debug|Any CPU.Build.0 = Debug|Any CPU
		{12A8D92B-404C-473D-BDD2-04C1A2D4EEFF}.Release|Any CPU.ActiveCfg = Release|Any CPU
		{12A8D92B-404C-473D-BDD2-04C1A2D4EEFF}.Release|Any CPU.Build.0 = Release|Any CPU
	EndGlobalSection
	GlobalSection(SolutionProperties) = preSolution
		HideSolutionNode = FALSE
	EndGlobalSection
	GlobalSection(ExtensibilityGlobals) = postSolution
		SolutionGuid = {120D24B4-8064-469B-805B-25F8191140A9}
	EndGlobalSection
EndGlobal
